
Microsoft Visual Studio Solution File, Format Version 12.00
# Visual Studio Version 16
VisualStudioVersion = 16.0.29519.87
MinimumVisualStudioVersion = 10.0.40219.1
Project("{9A19103F-16F7-4668-BE54-9A1E7A4F7556}") = "Aplicacao", "SistemaDeVendas\Aplicacao.csproj", "{71CEEF39-0300-49D8-B2AE-C1FD44B03222}"
EndProject
Project("{2150E333-8FDC-42A3-9474-1A3956D46DE8}") = "1-Aplicacao", "1-Aplicacao", "{AFE05A4C-0273-4CDC-BAC3-B8F419871B9A}"
EndProject
Project("{2150E333-8FDC-42A3-9474-1A3956D46DE8}") = "2-Dominio", "2-Dominio", "{806FAD12-B5B0-47C0-8518-A3EF621B92A9}"
EndProject
Project("{2150E333-8FDC-42A3-9474-1A3956D46DE8}") = "3-Repositorio", "3-Repositorio", "{5AEE0F7D-8BC4-4946-88CD-A5AEE89D6F53}"
EndProject
Project("{2150E333-8FDC-42A3-9474-1A3956D46DE8}") = "4-Infraestrutura", "4-Infraestrutura", "{435FD98D-F730-4501-AAF7-AF40B653B831}"
EndProject
Project("{9A19103F-16F7-4668-BE54-9A1E7A4F7556}") = "Dominio", "Dominio\Dominio.csproj", "{69FF9B4A-EB80-499C-BBAD-03D17A63CAD2}"
EndProject
Project("{FAE04EC0-301F-11D3-BF4B-00C04F79EFBC}") = "Repositorio", "Repositorio\Repositorio.csproj", "{26CEED8A-CB2C-4C1D-BF8D-DECF80C57AFE}"
EndProject
Global
	GlobalSection(SolutionConfigurationPlatforms) = preSolution
		Debug|Any CPU = Debug|Any CPU
		Release|Any CPU = Release|Any CPU
	EndGlobalSection
	GlobalSection(ProjectConfigurationPlatforms) = postSolution
		{71CEEF39-0300-49D8-B2AE-C1FD44B03222}.Debug|Any CPU.ActiveCfg = Debug|Any CPU
		{71CEEF39-0300-49D8-B2AE-C1FD44B03222}.Debug|Any CPU.Build.0 = Debug|Any CPU
		{71CEEF39-0300-49D8-B2AE-C1FD44B03222}.Release|Any CPU.ActiveCfg = Release|Any CPU
		{71CEEF39-0300-49D8-B2AE-C1FD44B03222}.Release|Any CPU.Build.0 = Release|Any CPU
		{69FF9B4A-EB80-499C-BBAD-03D17A63CAD2}.Debug|Any CPU.ActiveCfg = Debug|Any CPU
		{69FF9B4A-EB80-499C-BBAD-03D17A63CAD2}.Debug|Any CPU.Build.0 = Debug|Any CPU
		{69FF9B4A-EB80-499C-BBAD-03D17A63CAD2}.Release|Any CPU.ActiveCfg = Release|Any CPU
		{69FF9B4A-EB80-499C-BBAD-03D17A63CAD2}.Release|Any CPU.Build.0 = Release|Any CPU
		{26CEED8A-CB2C-4C1D-BF8D-DECF80C57AFE}.Debug|Any CPU.ActiveCfg = Debug|Any CPU
		{26CEED8A-CB2C-4C1D-BF8D-DECF80C57AFE}.Debug|Any CPU.Build.0 = Debug|Any CPU
		{26CEED8A-CB2C-4C1D-BF8D-DECF80C57AFE}.Release|Any CPU.ActiveCfg = Release|Any CPU
		{26CEED8A-CB2C-4C1D-BF8D-DECF80C57AFE}.Release|Any CPU.Build.0 = Release|Any CPU
	EndGlobalSection
	GlobalSection(SolutionProperties) = preSolution
		HideSolutionNode = FALSE
	EndGlobalSection
	GlobalSection(NestedProjects) = preSolution
		{71CEEF39-0300-49D8-B2AE-C1FD44B03222} = {AFE05A4C-0273-4CDC-BAC3-B8F419871B9A}
		{69FF9B4A-EB80-499C-BBAD-03D17A63CAD2} = {806FAD12-B5B0-47C0-8518-A3EF621B92A9}
		{26CEED8A-CB2C-4C1D-BF8D-DECF80C57AFE} = {5AEE0F7D-8BC4-4946-88CD-A5AEE89D6F53}
	EndGlobalSection
	GlobalSection(ExtensibilityGlobals) = postSolution
		SolutionGuid = {BA8FFBBA-B7FF-4D1B-AB8C-942C0F734185}
	EndGlobalSection
EndGlobal
